
Microsoft Visual Studio Solution File, Format Version 12.00
# Visual Studio Version 17
VisualStudioVersion = 17.0.31903.59
MinimumVisualStudioVersion = 10.0.40219.1
Project("{FAE04EC0-301F-11D3-BF4B-00C04F79EFBC}") = "MiAppBlazorWasm.Server", "MiAppBlazorWasm.Server\MiAppBlazorWasm.Server.csproj", "{8A819801-0856-42B3-B150-FCD906CC1460}"
EndProject
Project("{FAE04EC0-301F-11D3-BF4B-00C04F79EFBC}") = "MiAppBlazorWasm.Client", "MiAppBlazorWasm.Client\MiAppBlazorWasm.Client.csproj", "{030F0C96-D152-4164-A611-45E35A32345A}"
EndProject
Project("{FAE04EC0-301F-11D3-BF4B-00C04F79EFBC}") = "MiAppBlazorWasm.Shared", "MiAppBlazorWasm.Shared\MiAppBlazorWasm.Shared.csproj", "{9A267761-BDE5-4062-AF41-A7F91C6A5D82}"
EndProject
Global
	GlobalSection(SolutionConfigurationPlatforms) = preSolution
		Debug|Any CPU = Debug|Any CPU
		Debug|x64 = Debug|x64
		Debug|x86 = Debug|x86
		Release|Any CPU = Release|Any CPU
		Release|x64 = Release|x64
		Release|x86 = Release|x86
	EndGlobalSection
	GlobalSection(ProjectConfigurationPlatforms) = postSolution
		{8A819801-0856-42B3-B150-FCD906CC1460}.Debug|Any CPU.ActiveCfg = Debug|Any CPU
		{8A819801-0856-42B3-B150-FCD906CC1460}.Debug|Any CPU.Build.0 = Debug|Any CPU
		{8A819801-0856-42B3-B150-FCD906CC1460}.Debug|x64.ActiveCfg = Debug|Any CPU
		{8A819801-0856-42B3-B150-FCD906CC1460}.Debug|x64.Build.0 = Debug|Any CPU
		{8A819801-0856-42B3-B150-FCD906CC1460}.Debug|x86.ActiveCfg = Debug|Any CPU
		{8A819801-0856-42B3-B150-FCD906CC1460}.Debug|x86.Build.0 = Debug|Any CPU
		{8A819801-0856-42B3-B150-FCD906CC1460}.Release|Any CPU.ActiveCfg = Release|Any CPU
		{8A819801-0856-42B3-B150-FCD906CC1460}.Release|Any CPU.Build.0 = Release|Any CPU
		{8A819801-0856-42B3-B150-FCD906CC1460}.Release|x64.ActiveCfg = Release|Any CPU
		{8A819801-0856-42B3-B150-FCD906CC1460}.Release|x64.Build.0 = Release|Any CPU
		{8A819801-0856-42B3-B150-FCD906CC1460}.Release|x86.ActiveCfg = Release|Any CPU
		{8A819801-0856-42B3-B150-FCD906CC1460}.Release|x86.Build.0 = Release|Any CPU
		{030F0C96-D152-4164-A611-45E35A32345A}.Debug|Any CPU.ActiveCfg = Debug|Any CPU
		{030F0C96-D152-4164-A611-45E35A32345A}.Debug|Any CPU.Build.0 = Debug|Any CPU
		{030F0C96-D152-4164-A611-45E35A32345A}.Debug|x64.ActiveCfg = Debug|Any CPU
		{030F0C96-D152-4164-A611-45E35A32345A}.Debug|x64.Build.0 = Debug|Any CPU
		{030F0C96-D152-4164-A611-45E35A32345A}.Debug|x86.ActiveCfg = Debug|Any CPU
		{030F0C96-D152-4164-A611-45E35A32345A}.Debug|x86.Build.0 = Debug|Any CPU
		{030F0C96-D152-4164-A611-45E35A32345A}.Release|Any CPU.ActiveCfg = Release|Any CPU
		{030F0C96-D152-4164-A611-45E35A32345A}.Release|Any CPU.Build.0 = Release|Any CPU
		{030F0C96-D152-4164-A611-45E35A32345A}.Release|x64.ActiveCfg = Release|Any CPU
		{030F0C96-D152-4164-A611-45E35A32345A}.Release|x64.Build.0 = Release|Any CPU
		{030F0C96-D152-4164-A611-45E35A32345A}.Release|x86.ActiveCfg = Release|Any CPU
		{030F0C96-D152-4164-A611-45E35A32345A}.Release|x86.Build.0 = Release|Any CPU
		{9A267761-BDE5-4062-AF41-A7F91C6A5D82}.Debug|Any CPU.ActiveCfg = Debug|Any CPU
		{9A267761-BDE5-4062-AF41-A7F91C6A5D82}.Debug|Any CPU.Build.0 = Debug|Any CPU
		{9A267761-BDE5-4062-AF41-A7F91C6A5D82}.Debug|x64.ActiveCfg = Debug|Any CPU
		{9A267761-BDE5-4062-AF41-A7F91C6A5D82}.Debug|x64.Build.0 = Debug|Any CPU
		{9A267761-BDE5-4062-AF41-A7F91C6A5D82}.Debug|x86.ActiveCfg = Debug|Any CPU
		{9A267761-BDE5-4062-AF41-A7F91C6A5D82}.Debug|x86.Build.0 = Debug|Any CPU
		{9A267761-BDE5-4062-AF41-A7F91C6A5D82}.Release|Any CPU.ActiveCfg = Release|Any CPU
		{9A267761-BDE5-4062-AF41-A7F91C6A5D82}.Release|Any CPU.Build.0 = Release|Any CPU
		{9A267761-BDE5-4062-AF41-A7F91C6A5D82}.Release|x64.ActiveCfg = Release|Any CPU
		{9A267761-BDE5-4062-AF41-A7F91C6A5D82}.Release|x64.Build.0 = Release|Any CPU
		{9A267761-BDE5-4062-AF41-A7F91C6A5D82}.Release|x86.ActiveCfg = Release|Any CPU
		{9A267761-BDE5-4062-AF41-A7F91C6A5D82}.Release|x86.Build.0 = Release|Any CPU
	EndGlobalSection
	GlobalSection(SolutionProperties) = preSolution
		HideSolutionNode = FALSE
	EndGlobalSection
	GlobalSection(ExtensibilityGlobals) = postSolution
		SolutionGuid = {9DF26158-C7FB-42A5-BC04-A00FA0A19E72}
	EndGlobalSection
EndGlobal
